
Microsoft Visual Studio Solution File, Format Version 12.00
# Visual Studio 15
VisualStudioVersion = 15.0.28010.2036
MinimumVisualStudioVersion = 10.0.40219.1
Project("{F184B08F-C81C-45F6-A57F-5ABD9991F28F}") = "CIA_Dashboard", "CIA_Dashboard\CIA_Dashboard.vbproj", "{79E8B569-CF1C-448E-87AB-ED7387336359}"
EndProject
Global
	GlobalSection(SolutionConfigurationPlatforms) = preSolution
		Debug|Any CPU = Debug|Any CPU
		Release|Any CPU = Release|Any CPU
	EndGlobalSection
	GlobalSection(ProjectConfigurationPlatforms) = postSolution
		{79E8B569-CF1C-448E-87AB-ED7387336359}.Debug|Any CPU.ActiveCfg = Debug|Any CPU
		{79E8B569-CF1C-448E-87AB-ED7387336359}.Debug|Any CPU.Build.0 = Debug|Any CPU
		{79E8B569-CF1C-448E-87AB-ED7387336359}.Release|Any CPU.ActiveCfg = Release|Any CPU
		{79E8B569-CF1C-448E-87AB-ED7387336359}.Release|Any CPU.Build.0 = Release|Any CPU
	EndGlobalSection
	GlobalSection(SolutionProperties) = preSolution
		HideSolutionNode = FALSE
	EndGlobalSection
	GlobalSection(ExtensibilityGlobals) = postSolution
		SolutionGuid = {EAC4E699-BEF4-41BC-9FB7-EF082D47D882}
	EndGlobalSection
EndGlobal
